
Microsoft Visual Studio Solution File, Format Version 12.00
# Visual Studio Version 17
VisualStudioVersion = 17.13.35828.75 d17.13
MinimumVisualStudioVersion = 10.0.40219.1
Project("{FAE04EC0-301F-11D3-BF4B-00C04F79EFBC}") = "StudentForm", "StudentForm.csproj", "{19A7DEED-45D8-4C8B-AB16-2AEEB9D95C03}"
EndProject
Global
	GlobalSection(SolutionConfigurationPlatforms) = preSolution
		Debug|Any CPU = Debug|Any CPU
		Release|Any CPU = Release|Any CPU
	EndGlobalSection
	GlobalSection(ProjectConfigurationPlatforms) = postSolution
		{19A7DEED-45D8-4C8B-AB16-2AEEB9D95C03}.Debug|Any CPU.ActiveCfg = Debug|Any CPU
		{19A7DEED-45D8-4C8B-AB16-2AEEB9D95C03}.Debug|Any CPU.Build.0 = Debug|Any CPU
		{19A7DEED-45D8-4C8B-AB16-2AEEB9D95C03}.Release|Any CPU.ActiveCfg = Release|Any CPU
		{19A7DEED-45D8-4C8B-AB16-2AEEB9D95C03}.Release|Any CPU.Build.0 = Release|Any CPU
	EndGlobalSection
	GlobalSection(SolutionProperties) = preSolution
		HideSolutionNode = FALSE
	EndGlobalSection
	GlobalSection(ExtensibilityGlobals) = postSolution
		SolutionGuid = {BD5EDDCC-72AC-4F85-9871-1C41F30EE0C6}
	EndGlobalSection
EndGlobal
